
Microsoft Visual Studio Solution File, Format Version 12.00
# Visual Studio Version 17
VisualStudioVersion = 17.0.31912.275
MinimumVisualStudioVersion = 10.0.40219.1
Project("{9A19103F-16F7-4668-BE54-9A1E7A4F7556}") = "Stive.Client", "Stive.Client\Stive.Client.csproj", "{672CF940-1458-4BE6-829E-902418B60F02}"
EndProject
Project("{9A19103F-16F7-4668-BE54-9A1E7A4F7556}") = "Stive.Web", "Stive.Web\Stive.Web.csproj", "{232A2E5F-7BBB-4278-B7BC-832ECD53116C}"
EndProject
Project("{2150E333-8FDC-42A3-9474-1A3956D46DE8}") = "Solution Items", "Solution Items", "{7F1AE8FB-86A9-431A-86BB-D390D1037F75}"
	ProjectSection(SolutionItems) = preProject
		.editorconfig = .editorconfig
	EndProjectSection
EndProject
Project("{2150E333-8FDC-42A3-9474-1A3956D46DE8}") = "Stive.Api", "Stive.Api", "{B00AEED0-8D11-4EC6-824D-25B613544DC9}"
EndProject
Project("{FAE04EC0-301F-11D3-BF4B-00C04F79EFBC}") = "Stive.Api", "Stive.Api\Stive.Api\Stive.Api.csproj", "{EA6B5FD9-6511-4C08-9CAD-8F168C32DCD6}"
EndProject
Global
	GlobalSection(SolutionConfigurationPlatforms) = preSolution
		Debug|Any CPU = Debug|Any CPU
		Release|Any CPU = Release|Any CPU
	EndGlobalSection
	GlobalSection(ProjectConfigurationPlatforms) = postSolution
		{993F688F-DFEC-4891-BA51-3E4208571ED4}.Debug|Any CPU.ActiveCfg = Debug|Any CPU
		{993F688F-DFEC-4891-BA51-3E4208571ED4}.Debug|Any CPU.Build.0 = Debug|Any CPU
		{993F688F-DFEC-4891-BA51-3E4208571ED4}.Release|Any CPU.ActiveCfg = Release|Any CPU
		{993F688F-DFEC-4891-BA51-3E4208571ED4}.Release|Any CPU.Build.0 = Release|Any CPU
		{672CF940-1458-4BE6-829E-902418B60F02}.Debug|Any CPU.ActiveCfg = Debug|Any CPU
		{672CF940-1458-4BE6-829E-902418B60F02}.Debug|Any CPU.Build.0 = Debug|Any CPU
		{672CF940-1458-4BE6-829E-902418B60F02}.Release|Any CPU.ActiveCfg = Release|Any CPU
		{672CF940-1458-4BE6-829E-902418B60F02}.Release|Any CPU.Build.0 = Release|Any CPU
		{232A2E5F-7BBB-4278-B7BC-832ECD53116C}.Debug|Any CPU.ActiveCfg = Debug|Any CPU
		{232A2E5F-7BBB-4278-B7BC-832ECD53116C}.Debug|Any CPU.Build.0 = Debug|Any CPU
		{232A2E5F-7BBB-4278-B7BC-832ECD53116C}.Release|Any CPU.ActiveCfg = Release|Any CPU
		{232A2E5F-7BBB-4278-B7BC-832ECD53116C}.Release|Any CPU.Build.0 = Release|Any CPU
		{EA6B5FD9-6511-4C08-9CAD-8F168C32DCD6}.Debug|Any CPU.ActiveCfg = Debug|Any CPU
		{EA6B5FD9-6511-4C08-9CAD-8F168C32DCD6}.Debug|Any CPU.Build.0 = Debug|Any CPU
		{EA6B5FD9-6511-4C08-9CAD-8F168C32DCD6}.Release|Any CPU.ActiveCfg = Release|Any CPU
		{EA6B5FD9-6511-4C08-9CAD-8F168C32DCD6}.Release|Any CPU.Build.0 = Release|Any CPU
	EndGlobalSection
	GlobalSection(SolutionProperties) = preSolution
		HideSolutionNode = FALSE
	EndGlobalSection
	GlobalSection(ExtensibilityGlobals) = postSolution
		SolutionGuid = {7AD7832A-661D-43F7-8878-F3DD5EFD8936}
	EndGlobalSection
	GlobalSection(NestedProjects) = preSolution
		{EA6B5FD9-6511-4C08-9CAD-8F168C32DCD6} = {B00AEED0-8D11-4EC6-824D-25B613544DC9}
	EndGlobalSection
EndGlobal
